{
  "name": "bot.hooks",
  "version": "1.0.0",
  "lockfileVersion": 1,
  "requires": true,
  "dependencies": {
    "async-limiter": {
      "version": "1.0.0",
      "resolved": "https://registry.npmjs.org/async-limiter/-/async-limiter-1.0.0.tgz",
      "integrity": "sha512-jp/uFnooOiO+L211eZOoSyzpOITMXx1rBITauYykG3BRYPu8h0UcxsPNB04RR5vo4Tyz3+ay17tR6JVf9qzYWg=="
    },
    "eris": {
      "version": "0.8.5",
      "resolved": "https://registry.npmjs.org/eris/-/eris-0.8.5.tgz",
      "integrity": "sha512-Jjqq+imrMisfmq8iPI5ZdqfmFxuDzB8NwlUIzsz6a1FWA6+W92UWQgpQOBXWtKYzfWjrYVwPAIv4E0vOsgpEtA==",
      "requires": {
        "opusscript": "^0.0.4",
        "tweetnacl": "^1.0.0",
        "ws": "^3.3.2"
      }
    },
    "eslint-config-quark": {
      "version": "github:quarksworks/quark-lint#a36bf2ac7a433e578120b8306cb37a5a29b68ce0",
      "from": "github:quarksworks/quark-lint",
      "dev": true
    },
    "fs-nextra": {
      "version": "0.3.4",
      "resolved": "https://registry.npmjs.org/fs-nextra/-/fs-nextra-0.3.4.tgz",
      "integrity": "sha512-IJI4ZV5BUE3iDP64NLcUkKSKBdQlBE2EDyVoq6W15+QUc9m2Sn+7UJTjycBZt6eEOgCj/pPle/n1WdU/sewseQ=="
    },
    "klasa": {
      "version": "github:dirigeants/klasa#96d330850c453d8fb5c083f693b449c538b3cb7c",
      "from": "github:dirigeants/klasa#master",
      "requires": {
        "fs-nextra": "^0.3.2"
      }
    },
    "opusscript": {
      "version": "0.0.4",
      "resolved": "https://registry.npmjs.org/opusscript/-/opusscript-0.0.4.tgz",
      "integrity": "sha512-bEPZFE2lhUJYQD5yfTFO4RhbRZ937x6hRwBC1YoGacT35bwDVwKFP1+amU8NYfZL/v4EU7ZTU3INTqzYAnuP7Q==",
      "optional": true
    },
    "safe-buffer": {
      "version": "5.1.2",
      "resolved": "https://registry.npmjs.org/safe-buffer/-/safe-buffer-5.1.2.tgz",
      "integrity": "sha512-Gd2UZBJDkXlY7GbJxfsE8/nvKkUEU1G38c1siN6QP6a9PT9MmHB8GnpscSmMJSoF8LOIrt8ud/wPtojys4G6+g=="
    },
    "tweetnacl": {
      "version": "1.0.0",
      "resolved": "https://registry.npmjs.org/tweetnacl/-/tweetnacl-1.0.0.tgz",
      "integrity": "sha1-cT2LgY2kIGh0C/aDhtBHnmb8ins=",
      "optional": true
    },
    "ultron": {
      "version": "1.1.1",
      "resolved": "https://registry.npmjs.org/ultron/-/ultron-1.1.1.tgz",
      "integrity": "sha512-UIEXBNeYmKptWH6z8ZnqTeS8fV74zG0/eRU9VGkpzz+LIJNs8W/zM/L+7ctCkRrgbNnnR0xxw4bKOr0cW0N0Og=="
    },
    "ws": {
      "version": "3.3.3",
      "resolved": "https://registry.npmjs.org/ws/-/ws-3.3.3.tgz",
      "integrity": "sha512-nnWLa/NwZSt4KQJu51MYlCcSQ5g7INpOrOMt4XV8j4dqTXdmlUmSHQ8/oLC069ckre0fRsgfvsKwbTdtKLCDkA==",
      "requires": {
        "async-limiter": "~1.0.0",
        "safe-buffer": "~5.1.0",
        "ultron": "~1.1.0"
      }
    }
  }
}
